// !$*UTF8*$!
{
	archiveVersion = 1;
	classes = {
	};
	objectVersion = 56;
	objects = {

/* Begin PBXBuildFile section */
		A711ECE629462A2700BBD1FC /* AppDelegate.swift in Sources */ = {isa = PBXBuildFile; fileRef = A711ECE529462A2700BBD1FC /* AppDelegate.swift */; };
		A711ECE829462A2700BBD1FC /* SceneDelegate.swift in Sources */ = {isa = PBXBuildFile; fileRef = A711ECE729462A2700BBD1FC /* SceneDelegate.swift */; };
		A711ECEA29462A2700BBD1FC /* ViewController.swift in Sources */ = {isa = PBXBuildFile; fileRef = A711ECE929462A2700BBD1FC /* ViewController.swift */; };
		A711ECEF29462A2700BBD1FC /* Assets.xcassets in Resources */ = {isa = PBXBuildFile; fileRef = A711ECEE29462A2700BBD1FC /* Assets.xcassets */; };
		A711ECF229462A2700BBD1FC /* LaunchScreen.storyboard in Resources */ = {isa = PBXBuildFile; fileRef = A711ECF029462A2700BBD1FC /* LaunchScreen.storyboard */; };
		A711ECFD29462A2800BBD1FC /* _0221211_KyleMcGinnis_NYCSchoolsTests.swift in Sources */ = {isa = PBXBuildFile; fileRef = A711ECFC29462A2800BBD1FC /* _0221211_KyleMcGinnis_NYCSchoolsTests.swift */; };
		A711ED0729462A2800BBD1FC /* _0221211_KyleMcGinnis_NYCSchoolsUITests.swift in Sources */ = {isa = PBXBuildFile; fileRef = A711ED0629462A2800BBD1FC /* _0221211_KyleMcGinnis_NYCSchoolsUITests.swift */; };
		A711ED0929462A2800BBD1FC /* _0221211_KyleMcGinnis_NYCSchoolsUITestsLaunchTests.swift in Sources */ = {isa = PBXBuildFile; fileRef = A711ED0829462A2800BBD1FC /* _0221211_KyleMcGinnis_NYCSchoolsUITestsLaunchTests.swift */; };
/* End PBXBuildFile section */

/* Begin PBXContainerItemProxy section */
		A711ECF929462A2800BBD1FC /* PBXContainerItemProxy */ = {
			isa = PBXContainerItemProxy;
			containerPortal = A711ECDA29462A2700BBD1FC /* Project object */;
			proxyType = 1;
			remoteGlobalIDString = A711ECE129462A2700BBD1FC;
			remoteInfo = "20221211-KyleMcGinnis-NYCSchools";
		};
		A711ED0329462A2800BBD1FC /* PBXContainerItemProxy */ = {
			isa = PBXContainerItemProxy;
			containerPortal = A711ECDA29462A2700BBD1FC /* Project object */;
			proxyType = 1;
			remoteGlobalIDString = A711ECE129462A2700BBD1FC;
			remoteInfo = "20221211-KyleMcGinnis-NYCSchools";
		};
/* End PBXContainerItemProxy section */

/* Begin PBXFileReference section */
		A711ECE229462A2700BBD1FC /* 20221211-KyleMcGinnis-NYCSchools.app */ = {isa = PBXFileReference; explicitFileType = wrapper.application; includeInIndex = 0; path = "20221211-KyleMcGinnis-NYCSchools.app"; sourceTree = BUILT_PRODUCTS_DIR; };
		A711ECE529462A2700BBD1FC /* AppDelegate.swift */ = {isa = PBXFileReference; lastKnownFileType = sourcecode.swift; path = AppDelegate.swift; sourceTree = "<group>"; };
		A711ECE729462A2700BBD1FC /* SceneDelegate.swift */ = {isa = PBXFileReference; lastKnownFileType = sourcecode.swift; path = SceneDelegate.swift; sourceTree = "<group>"; };
		A711ECE929462A2700BBD1FC /* ViewController.swift */ = {isa = PBXFileReference; lastKnownFileType = sourcecode.swift; path = ViewController.swift; sourceTree = "<group>"; };
		A711ECEE29462A2700BBD1FC /* Assets.xcassets */ = {isa = PBXFileReference; lastKnownFileType = folder.assetcatalog; path = Assets.xcassets; sourceTree = "<group>"; };
		A711ECF129462A2700BBD1FC /* Base */ = {isa = PBXFileReference; lastKnownFileType = file.storyboard; name = Base; path = Base.lproj/LaunchScreen.storyboard; sourceTree = "<group>"; };
		A711ECF329462A2700BBD1FC /* Info.plist */ = {isa = PBXFileReference; lastKnownFileType = text.plist.xml; path = Info.plist; sourceTree = "<group>"; };
		A711ECF829462A2800BBD1FC /* 20221211-KyleMcGinnis-NYCSchoolsTests.xctest */ = {isa = PBXFileReference; explicitFileType = wrapper.cfbundle; includeInIndex = 0; path = "20221211-KyleMcGinnis-NYCSchoolsTests.xctest"; sourceTree = BUILT_PRODUCTS_DIR; };
		A711ECFC29462A2800BBD1FC /* _0221211_KyleMcGinnis_NYCSchoolsTests.swift */ = {isa = PBXFileReference; lastKnownFileType = sourcecode.swift; path = _0221211_KyleMcGinnis_NYCSchoolsTests.swift; sourceTree = "<group>"; };
		A711ED0229462A2800BBD1FC /* 20221211-KyleMcGinnis-NYCSchoolsUITests.xctest */ = {isa = PBXFileReference; explicitFileType = wrapper.cfbundle; includeInIndex = 0; path = "20221211-KyleMcGinnis-NYCSchoolsUITests.xctest"; sourceTree = BUILT_PRODUCTS_DIR; };
		A711ED0629462A2800BBD1FC /* _0221211_KyleMcGinnis_NYCSchoolsUITests.swift */ = {isa = PBXFileReference; lastKnownFileType = sourcecode.swift; path = _0221211_KyleMcGinnis_NYCSchoolsUITests.swift; sourceTree = "<group>"; };
		A711ED0829462A2800BBD1FC /* _0221211_KyleMcGinnis_NYCSchoolsUITestsLaunchTests.swift */ = {isa = PBXFileReference; lastKnownFileType = sourcecode.swift; path = _0221211_KyleMcGinnis_NYCSchoolsUITestsLaunchTests.swift; sourceTree = "<group>"; };
/* End PBXFileReference section */

/* Begin PBXFrameworksBuildPhase section */
		A711ECDF29462A2700BBD1FC /* Frameworks */ = {
			isa = PBXFrameworksBuildPhase;
			buildActionMask = 2147483647;
			files = (
			);
			runOnlyForDeploymentPostprocessing = 0;
		};
		A711ECF529462A2800BBD1FC /* Frameworks */ = {
			isa = PBXFrameworksBuildPhase;
			buildActionMask = 2147483647;
			files = (
			);
			runOnlyForDeploymentPostprocessing = 0;
		};
		A711ECFF29462A2800BBD1FC /* Frameworks */ = {
			isa = PBXFrameworksBuildPhase;
			buildActionMask = 2147483647;
			files = (
			);
			runOnlyForDeploymentPostprocessing = 0;
		};
/* End PBXFrameworksBuildPhase section */

/* Begin PBXGroup section */
		A711ECD929462A2700BBD1FC = {
			isa = PBXGroup;
			children = (
				A711ECE429462A2700BBD1FC /* 20221211-KyleMcGinnis-NYCSchools */,
				A711ECFB29462A2800BBD1FC /* 20221211-KyleMcGinnis-NYCSchoolsTests */,
				A711ED0529462A2800BBD1FC /* 20221211-KyleMcGinnis-NYCSchoolsUITests */,
				A711ECE329462A2700BBD1FC /* Products */,
			);
			sourceTree = "<group>";
		};
		A711ECE329462A2700BBD1FC /* Products */ = {
			isa = PBXGroup;
			children = (
				A711ECE229462A2700BBD1FC /* 20221211-KyleMcGinnis-NYCSchools.app */,
				A711ECF829462A2800BBD1FC /* 20221211-KyleMcGinnis-NYCSchoolsTests.xctest */,
				A711ED0229462A2800BBD1FC /* 20221211-KyleMcGinnis-NYCSchoolsUITests.xctest */,
			);
			name = Products;
			sourceTree = "<group>";
		};
		A711ECE429462A2700BBD1FC /* 20221211-KyleMcGinnis-NYCSchools */ = {
			isa = PBXGroup;
			children = (
				A711ECE529462A2700BBD1FC /* AppDelegate.swift */,
				A711ECE729462A2700BBD1FC /* SceneDelegate.swift */,
				A711ECE929462A2700BBD1FC /* ViewController.swift */,
				A711ECEE29462A2700BBD1FC /* Assets.xcassets */,
				A711ECF029462A2700BBD1FC /* LaunchScreen.storyboard */,
				A711ECF329462A2700BBD1FC /* Info.plist */,
			);
			path = "20221211-KyleMcGinnis-NYCSchools";
			sourceTree = "<group>";
		};
		A711ECFB29462A2800BBD1FC /* 20221211-KyleMcGinnis-NYCSchoolsTests */ = {
			isa = PBXGroup;
			children = (
				A711ECFC29462A2800BBD1FC /* _0221211_KyleMcGinnis_NYCSchoolsTests.swift */,
			);
			path = "20221211-KyleMcGinnis-NYCSchoolsTests";
			sourceTree = "<group>";
		};
		A711ED0529462A2800BBD1FC /* 20221211-KyleMcGinnis-NYCSchoolsUITests */ = {
			isa = PBXGroup;
			children = (
				A711ED0629462A2800BBD1FC /* _0221211_KyleMcGinnis_NYCSchoolsUITests.swift */,
				A711ED0829462A2800BBD1FC /* _0221211_KyleMcGinnis_NYCSchoolsUITestsLaunchTests.swift */,
			);
			path = "20221211-KyleMcGinnis-NYCSchoolsUITests";
			sourceTree = "<group>";
		};
/* End PBXGroup section */

/* Begin PBXNativeTarget section */
		A711ECE129462A2700BBD1FC /* 20221211-KyleMcGinnis-NYCSchools */ = {
			isa = PBXNativeTarget;
			buildConfigurationList = A711ED0C29462A2800BBD1FC /* Build configuration list for PBXNativeTarget "20221211-KyleMcGinnis-NYCSchools" */;
			buildPhases = (
				A711ECDE29462A2700BBD1FC /* Sources */,
				A711ECDF29462A2700BBD1FC /* Frameworks */,
				A711ECE029462A2700BBD1FC /* Resources */,
			);
			buildRules = (
			);
			dependencies = (
			);
			name = "20221211-KyleMcGinnis-NYCSchools";
			productName = "20221211-KyleMcGinnis-NYCSchools";
			productReference = A711ECE229462A2700BBD1FC /* 20221211-KyleMcGinnis-NYCSchools.app */;
			productType = "com.apple.product-type.application";
		};
		A711ECF729462A2800BBD1FC /* 20221211-KyleMcGinnis-NYCSchoolsTests */ = {
			isa = PBXNativeTarget;
			buildConfigurationList = A711ED0F29462A2800BBD1FC /* Build configuration list for PBXNativeTarget "20221211-KyleMcGinnis-NYCSchoolsTests" */;
			buildPhases = (
				A711ECF429462A2800BBD1FC /* Sources */,
				A711ECF529462A2800BBD1FC /* Frameworks */,
				A711ECF629462A2800BBD1FC /* Resources */,
			);
			buildRules = (
			);
			dependencies = (
				A711ECFA29462A2800BBD1FC /* PBXTargetDependency */,
			);
			name = "20221211-KyleMcGinnis-NYCSchoolsTests";
			productName = "20221211-KyleMcGinnis-NYCSchoolsTests";
			productReference = A711ECF829462A2800BBD1FC /* 20221211-KyleMcGinnis-NYCSchoolsTests.xctest */;
			productType = "com.apple.product-type.bundle.unit-test";
		};
		A711ED0129462A2800BBD1FC /* 20221211-KyleMcGinnis-NYCSchoolsUITests */ = {
			isa = PBXNativeTarget;
			buildConfigurationList = A711ED1229462A2800BBD1FC /* Build configuration list for PBXNativeTarget "20221211-KyleMcGinnis-NYCSchoolsUITests" */;
			buildPhases = (
				A711ECFE29462A2800BBD1FC /* Sources */,
				A711ECFF29462A2800BBD1FC /* Frameworks */,
				A711ED0029462A2800BBD1FC /* Resources */,
			);
			buildRules = (
			);
			dependencies = (
				A711ED0429462A2800BBD1FC /* PBXTargetDependency */,
			);
			name = "20221211-KyleMcGinnis-NYCSchoolsUITests";
			productName = "20221211-KyleMcGinnis-NYCSchoolsUITests";
			productReference = A711ED0229462A2800BBD1FC /* 20221211-KyleMcGinnis-NYCSchoolsUITests.xctest */;
			productType = "com.apple.product-type.bundle.ui-testing";
		};
/* End PBXNativeTarget section */

/* Begin PBXProject section */
		A711ECDA29462A2700BBD1FC /* Project object */ = {
			isa = PBXProject;
			attributes = {
				BuildIndependentTargetsInParallel = 1;
				LastSwiftUpdateCheck = 1410;
				LastUpgradeCheck = 1410;
				TargetAttributes = {
					A711ECE129462A2700BBD1FC = {
						CreatedOnToolsVersion = 14.1;
					};
					A711ECF729462A2800BBD1FC = {
						CreatedOnToolsVersion = 14.1;
						TestTargetID = A711ECE129462A2700BBD1FC;
					};
					A711ED0129462A2800BBD1FC = {
						CreatedOnToolsVersion = 14.1;
						TestTargetID = A711ECE129462A2700BBD1FC;
					};
				};
			};
			buildConfigurationList = A711ECDD29462A2700BBD1FC /* Build configuration list for PBXProject "20221211-KyleMcGinnis-NYCSchools" */;
			compatibilityVersion = "Xcode 14.0";
			developmentRegion = en;
			hasScannedForEncodings = 0;
			knownRegions = (
				en,
				Base,
			);
			mainGroup = A711ECD929462A2700BBD1FC;
			productRefGroup = A711ECE329462A2700BBD1FC /* Products */;
			projectDirPath = "";
			projectRoot = "";
			targets = (
				A711ECE129462A2700BBD1FC /* 20221211-KyleMcGinnis-NYCSchools */,
				A711ECF729462A2800BBD1FC /* 20221211-KyleMcGinnis-NYCSchoolsTests */,
				A711ED0129462A2800BBD1FC /* 20221211-KyleMcGinnis-NYCSchoolsUITests */,
			);
		};
/* End PBXProject section */

/* Begin PBXResourcesBuildPhase section */
		A711ECE029462A2700BBD1FC /* Resources */ = {
			isa = PBXResourcesBuildPhase;
			buildActionMask = 2147483647;
			files = (
				A711ECF229462A2700BBD1FC /* LaunchScreen.storyboard in Resources */,
				A711ECEF29462A2700BBD1FC /* Assets.xcassets in Resources */,
			);
			runOnlyForDeploymentPostprocessing = 0;
		};
		A711ECF629462A2800BBD1FC /* Resources */ = {
			isa = PBXResourcesBuildPhase;
			buildActionMask = 2147483647;
			files = (
			);
			runOnlyForDeploymentPostprocessing = 0;
		};
		A711ED0029462A2800BBD1FC /* Resources */ = {
			isa = PBXResourcesBuildPhase;
			buildActionMask = 2147483647;
			files = (
			);
			runOnlyForDeploymentPostprocessing = 0;
		};
/* End PBXResourcesBuildPhase section */

/* Begin PBXSourcesBuildPhase section */
		A711ECDE29462A2700BBD1FC /* Sources */ = {
			isa = PBXSourcesBuildPhase;
			buildActionMask = 2147483647;
			files = (
				A711ECEA29462A2700BBD1FC /* ViewController.swift in Sources */,
				A711ECE629462A2700BBD1FC /* AppDelegate.swift in Sources */,
				A711ECE829462A2700BBD1FC /* SceneDelegate.swift in Sources */,
			);
			runOnlyForDeploymentPostprocessing = 0;
		};
		A711ECF429462A2800BBD1FC /* Sources */ = {
			isa = PBXSourcesBuildPhase;
			buildActionMask = 2147483647;
			files = (
				A711ECFD29462A2800BBD1FC /* _0221211_KyleMcGinnis_NYCSchoolsTests.swift in Sources */,
			);
			runOnlyForDeploymentPostprocessing = 0;
		};
		A711ECFE29462A2800BBD1FC /* Sources */ = {
			isa = PBXSourcesBuildPhase;
			buildActionMask = 2147483647;
			files = (
				A711ED0929462A2800BBD1FC /* _0221211_KyleMcGinnis_NYCSchoolsUITestsLaunchTests.swift in Sources */,
				A711ED0729462A2800BBD1FC /* _0221211_KyleMcGinnis_NYCSchoolsUITests.swift in Sources */,
			);
			runOnlyForDeploymentPostprocessing = 0;
		};
/* End PBXSourcesBuildPhase section */

/* Begin PBXTargetDependency section */
		A711ECFA29462A2800BBD1FC /* PBXTargetDependency */ = {
			isa = PBXTargetDependency;
			target = A711ECE129462A2700BBD1FC /* 20221211-KyleMcGinnis-NYCSchools */;
			targetProxy = A711ECF929462A2800BBD1FC /* PBXContainerItemProxy */;
		};
		A711ED0429462A2800BBD1FC /* PBXTargetDependency */ = {
			isa = PBXTargetDependency;
			target = A711ECE129462A2700BBD1FC /* 20221211-KyleMcGinnis-NYCSchools */;
			targetProxy = A711ED0329462A2800BBD1FC /* PBXContainerItemProxy */;
		};
/* End PBXTargetDependency section */

/* Begin PBXVariantGroup section */
		A711ECF029462A2700BBD1FC /* LaunchScreen.storyboard */ = {
			isa = PBXVariantGroup;
			children = (
				A711ECF129462A2700BBD1FC /* Base */,
			);
			name = LaunchScreen.storyboard;
			sourceTree = "<group>";
		};
/* End PBXVariantGroup section */

/* Begin XCBuildConfiguration section */
		A711ED0A29462A2800BBD1FC /* Debug */ = {
			isa = XCBuildConfiguration;
			buildSettings = {
				ALWAYS_SEARCH_USER_PATHS = NO;
				CLANG_ANALYZER_NONNULL = YES;
				CLANG_ANALYZER_NUMBER_OBJECT_CONVERSION = YES_AGGRESSIVE;
				CLANG_CXX_LANGUAGE_STANDARD = "gnu++20";
				CLANG_ENABLE_MODULES = YES;
				CLANG_ENABLE_OBJC_ARC = YES;
				CLANG_ENABLE_OBJC_WEAK = YES;
				CLANG_WARN_BLOCK_CAPTURE_AUTORELEASING = YES;
				CLANG_WARN_BOOL_CONVERSION = YES;
				CLANG_WARN_COMMA = YES;
				CLANG_WARN_CONSTANT_CONVERSION = YES;
				CLANG_WARN_DEPRECATED_OBJC_IMPLEMENTATIONS = YES;
				CLANG_WARN_DIRECT_OBJC_ISA_USAGE = YES_ERROR;
				CLANG_WARN_DOCUMENTATION_COMMENTS = YES;
				CLANG_WARN_EMPTY_BODY = YES;
				CLANG_WARN_ENUM_CONVERSION = YES;
				CLANG_WARN_INFINITE_RECURSION = YES;
				CLANG_WARN_INT_CONVERSION = YES;
				CLANG_WARN_NON_LITERAL_NULL_CONVERSION = YES;
				CLANG_WARN_OBJC_IMPLICIT_RETAIN_SELF = YES;
				CLANG_WARN_OBJC_LITERAL_CONVERSION = YES;
				CLANG_WARN_OBJC_ROOT_CLASS = YES_ERROR;
				CLANG_WARN_QUOTED_INCLUDE_IN_FRAMEWORK_HEADER = YES;
				CLANG_WARN_RANGE_LOOP_ANALYSIS = YES;
				CLANG_WARN_STRICT_PROTOTYPES = YES;
				CLANG_WARN_SUSPICIOUS_MOVE = YES;
				CLANG_WARN_UNGUARDED_AVAILABILITY = YES_AGGRESSIVE;
				CLANG_WARN_UNREACHABLE_CODE = YES;
				CLANG_WARN__DUPLICATE_METHOD_MATCH = YES;
				COPY_PHASE_STRIP = NO;
				DEBUG_INFORMATION_FORMAT = dwarf;
				ENABLE_STRICT_OBJC_MSGSEND = YES;
				ENABLE_TESTABILITY = YES;
				GCC_C_LANGUAGE_STANDARD = gnu11;
				GCC_DYNAMIC_NO_PIC = NO;
				GCC_NO_COMMON_BLOCKS = YES;
				GCC_OPTIMIZATION_LEVEL = 0;
				GCC_PREPROCESSOR_DEFINITIONS = (
					"DEBUG=1",
					"$(inherited)",
				);
				GCC_WARN_64_TO_32_BIT_CONVERSION = YES;
				GCC_WARN_ABOUT_RETURN_TYPE = YES_ERROR;
				GCC_WARN_UNDECLARED_SELECTOR = YES;
				GCC_WARN_UNINITIALIZED_AUTOS = YES_AGGRESSIVE;
				GCC_WARN_UNUSED_FUNCTION = YES;
				GCC_WARN_UNUSED_VARIABLE = YES;
				IPHONEOS_DEPLOYMENT_TARGET = 16.1;
				MTL_ENABLE_DEBUG_INFO = INCLUDE_SOURCE;
				MTL_FAST_MATH = YES;
				ONLY_ACTIVE_ARCH = YES;
				SDKROOT = iphoneos;
				SWIFT_ACTIVE_COMPILATION_CONDITIONS = DEBUG;
				SWIFT_OPTIMIZATION_LEVEL = "-Onone";
			};
			name = Debug;
		};
		A711ED0B29462A2800BBD1FC /* Release */ = {
			isa = XCBuildConfiguration;
			buildSettings = {
				ALWAYS_SEARCH_USER_PATHS = NO;
				CLANG_ANALYZER_NONNULL = YES;
				CLANG_ANALYZER_NUMBER_OBJECT_CONVERSION = YES_AGGRESSIVE;
				CLANG_CXX_LANGUAGE_STANDARD = "gnu++20";
				CLANG_ENABLE_MODULES = YES;
				CLANG_ENABLE_OBJC_ARC = YES;
				CLANG_ENABLE_OBJC_WEAK = YES;
				CLANG_WARN_BLOCK_CAPTURE_AUTORELEASING = YES;
				CLANG_WARN_BOOL_CONVERSION = YES;
				CLANG_WARN_COMMA = YES;
				CLANG_WARN_CONSTANT_CONVERSION = YES;
				CLANG_WARN_DEPRECATED_OBJC_IMPLEMENTATIONS = YES;
				CLANG_WARN_DIRECT_OBJC_ISA_USAGE = YES_ERROR;
				CLANG_WARN_DOCUMENTATION_COMMENTS = YES;
				CLANG_WARN_EMPTY_BODY = YES;
				CLANG_WARN_ENUM_CONVERSION = YES;
				CLANG_WARN_INFINITE_RECURSION = YES;
				CLANG_WARN_INT_CONVERSION = YES;
				CLANG_WARN_NON_LITERAL_NULL_CONVERSION = YES;
				CLANG_WARN_OBJC_IMPLICIT_RETAIN_SELF = YES;
				CLANG_WARN_OBJC_LITERAL_CONVERSION = YES;
				CLANG_WARN_OBJC_ROOT_CLASS = YES_ERROR;
				CLANG_WARN_QUOTED_INCLUDE_IN_FRAMEWORK_HEADER = YES;
				CLANG_WARN_RANGE_LOOP_ANALYSIS = YES;
				CLANG_WARN_STRICT_PROTOTYPES = YES;
				CLANG_WARN_SUSPICIOUS_MOVE = YES;
				CLANG_WARN_UNGUARDED_AVAILABILITY = YES_AGGRESSIVE;
				CLANG_WARN_UNREACHABLE_CODE = YES;
				CLANG_WARN__DUPLICATE_METHOD_MATCH = YES;
				COPY_PHASE_STRIP = NO;
				DEBUG_INFORMATION_FORMAT = "dwarf-with-dsym";
				ENABLE_NS_ASSERTIONS = NO;
				ENABLE_STRICT_OBJC_MSGSEND = YES;
				GCC_C_LANGUAGE_STANDARD = gnu11;
				GCC_NO_COMMON_BLOCKS = YES;
				GCC_WARN_64_TO_32_BIT_CONVERSION = YES;
				GCC_WARN_ABOUT_RETURN_TYPE = YES_ERROR;
				GCC_WARN_UNDECLARED_SELECTOR = YES;
				GCC_WARN_UNINITIALIZED_AUTOS = YES_AGGRESSIVE;
				GCC_WARN_UNUSED_FUNCTION = YES;
				GCC_WARN_UNUSED_VARIABLE = YES;
				IPHONEOS_DEPLOYMENT_TARGET = 16.1;
				MTL_ENABLE_DEBUG_INFO = NO;
				MTL_FAST_MATH = YES;
				SDKROOT = iphoneos;
				SWIFT_COMPILATION_MODE = wholemodule;
				SWIFT_OPTIMIZATION_LEVEL = "-O";
				VALIDATE_PRODUCT = YES;
			};
			name = Release;
		};
		A711ED0D29462A2800BBD1FC /* Debug */ = {
			isa = XCBuildConfiguration;
			buildSettings = {
				ASSETCATALOG_COMPILER_APPICON_NAME = AppIcon;
				ASSETCATALOG_COMPILER_GLOBAL_ACCENT_COLOR_NAME = AccentColor;
				CODE_SIGN_STYLE = Automatic;
				CURRENT_PROJECT_VERSION = 1;
				DEVELOPMENT_TEAM = K4X9356WT8;
				GENERATE_INFOPLIST_FILE = YES;
				INFOPLIST_FILE = "20221211-KyleMcGinnis-NYCSchools/Info.plist";
				INFOPLIST_KEY_UIApplicationSupportsIndirectInputEvents = YES;
				INFOPLIST_KEY_UILaunchStoryboardName = LaunchScreen;
				INFOPLIST_KEY_UISupportedInterfaceOrientations_iPad = "UIInterfaceOrientationPortrait UIInterfaceOrientationPortraitUpsideDown UIInterfaceOrientationLandscapeLeft UIInterfaceOrientationLandscapeRight";
				INFOPLIST_KEY_UISupportedInterfaceOrientations_iPhone = "UIInterfaceOrientationPortrait UIInterfaceOrientationLandscapeLeft UIInterfaceOrientationLandscapeRight";
				IPHONEOS_DEPLOYMENT_TARGET = 14.0;
				LD_RUNPATH_SEARCH_PATHS = (
					"$(inherited)",
					"@executable_path/Frameworks",
				);
				MARKETING_VERSION = 1.0;
				PRODUCT_BUNDLE_IDENTIFIER = "com.nycschools.-0221211-KyleMcGinnis-NYCSchools";
				PRODUCT_NAME = "$(TARGET_NAME)";
				SWIFT_EMIT_LOC_STRINGS = YES;
				SWIFT_VERSION = 5.0;
				TARGETED_DEVICE_FAMILY = "1,2";
			};
			name = Debug;
		};
		A711ED0E29462A2800BBD1FC /* Release */ = {
			isa = XCBuildConfiguration;
			buildSettings = {
				ASSETCATALOG_COMPILER_APPICON_NAME = AppIcon;
				ASSETCATALOG_COMPILER_GLOBAL_ACCENT_COLOR_NAME = AccentColor;
				CODE_SIGN_STYLE = Automatic;
				CURRENT_PROJECT_VERSION = 1;
				DEVELOPMENT_TEAM = K4X9356WT8;
				GENERATE_INFOPLIST_FILE = YES;
				INFOPLIST_FILE = "20221211-KyleMcGinnis-NYCSchools/Info.plist";
				INFOPLIST_KEY_UIApplicationSupportsIndirectInputEvents = YES;
				INFOPLIST_KEY_UILaunchStoryboardName = LaunchScreen;
				INFOPLIST_KEY_UISupportedInterfaceOrientations_iPad = "UIInterfaceOrientationPortrait UIInterfaceOrientationPortraitUpsideDown UIInterfaceOrientationLandscapeLeft UIInterfaceOrientationLandscapeRight";
				INFOPLIST_KEY_UISupportedInterfaceOrientations_iPhone = "UIInterfaceOrientationPortrait UIInterfaceOrientationLandscapeLeft UIInterfaceOrientationLandscapeRight";
				IPHONEOS_DEPLOYMENT_TARGET = 14.0;
				LD_RUNPATH_SEARCH_PATHS = (
					"$(inherited)",
					"@executable_path/Frameworks",
				);
				MARKETING_VERSION = 1.0;
				PRODUCT_BUNDLE_IDENTIFIER = "com.nycschools.-0221211-KyleMcGinnis-NYCSchools";
				PRODUCT_NAME = "$(TARGET_NAME)";
				SWIFT_EMIT_LOC_STRINGS = YES;
				SWIFT_VERSION = 5.0;
				TARGETED_DEVICE_FAMILY = "1,2";
			};
			name = Release;
		};
		A711ED1029462A2800BBD1FC /* Debug */ = {
			isa = XCBuildConfiguration;
			buildSettings = {
				ALWAYS_EMBED_SWIFT_STANDARD_LIBRARIES = YES;
				BUNDLE_LOADER = "$(TEST_HOST)";
				CODE_SIGN_STYLE = Automatic;
				CURRENT_PROJECT_VERSION = 1;
				DEVELOPMENT_TEAM = K4X9356WT8;
				GENERATE_INFOPLIST_FILE = YES;
				IPHONEOS_DEPLOYMENT_TARGET = 16.1;
				MARKETING_VERSION = 1.0;
				PRODUCT_BUNDLE_IDENTIFIER = "com.nycschools.-0221211-KyleMcGinnis-NYCSchoolsTests";
				PRODUCT_NAME = "$(TARGET_NAME)";
				SWIFT_EMIT_LOC_STRINGS = NO;
				SWIFT_VERSION = 5.0;
				TARGETED_DEVICE_FAMILY = "1,2";
				TEST_HOST = "$(BUILT_PRODUCTS_DIR)/20221211-KyleMcGinnis-NYCSchools.app/$(BUNDLE_EXECUTABLE_FOLDER_PATH)/20221211-KyleMcGinnis-NYCSchools";
			};
			name = Debug;
		};
		A711ED1129462A2800BBD1FC /* Release */ = {
			isa = XCBuildConfiguration;
			buildSettings = {
				ALWAYS_EMBED_SWIFT_STANDARD_LIBRARIES = YES;
				BUNDLE_LOADER = "$(TEST_HOST)";
				CODE_SIGN_STYLE = Automatic;
				CURRENT_PROJECT_VERSION = 1;
				DEVELOPMENT_TEAM = K4X9356WT8;
				GENERATE_INFOPLIST_FILE = YES;
				IPHONEOS_DEPLOYMENT_TARGET = 16.1;
				MARKETING_VERSION = 1.0;
				PRODUCT_BUNDLE_IDENTIFIER = "com.nycschools.-0221211-KyleMcGinnis-NYCSchoolsTests";
				PRODUCT_NAME = "$(TARGET_NAME)";
				SWIFT_EMIT_LOC_STRINGS = NO;
				SWIFT_VERSION = 5.0;
				TARGETED_DEVICE_FAMILY = "1,2";
				TEST_HOST = "$(BUILT_PRODUCTS_DIR)/20221211-KyleMcGinnis-NYCSchools.app/$(BUNDLE_EXECUTABLE_FOLDER_PATH)/20221211-KyleMcGinnis-NYCSchools";
			};
			name = Release;
		};
		A711ED1329462A2800BBD1FC /* Debug */ = {
			isa = XCBuildConfiguration;
			buildSettings = {
				ALWAYS_EMBED_SWIFT_STANDARD_LIBRARIES = YES;
				CODE_SIGN_STYLE = Automatic;
				CURRENT_PROJECT_VERSION = 1;
				DEVELOPMENT_TEAM = K4X9356WT8;
				GENERATE_INFOPLIST_FILE = YES;
				MARKETING_VERSION = 1.0;
				PRODUCT_BUNDLE_IDENTIFIER = "com.nycschools.-0221211-KyleMcGinnis-NYCSchoolsUITests";
				PRODUCT_NAME = "$(TARGET_NAME)";
				SWIFT_EMIT_LOC_STRINGS = NO;
				SWIFT_VERSION = 5.0;
				TARGETED_DEVICE_FAMILY = "1,2";
				TEST_TARGET_NAME = "20221211-KyleMcGinnis-NYCSchools";
			};
			name = Debug;
		};
		A711ED1429462A2800BBD1FC /* Release */ = {
			isa = XCBuildConfiguration;
			buildSettings = {
				ALWAYS_EMBED_SWIFT_STANDARD_LIBRARIES = YES;
				CODE_SIGN_STYLE = Automatic;
				CURRENT_PROJECT_VERSION = 1;
				DEVELOPMENT_TEAM = K4X9356WT8;
				GENERATE_INFOPLIST_FILE = YES;
				MARKETING_VERSION = 1.0;
				PRODUCT_BUNDLE_IDENTIFIER = "com.nycschools.-0221211-KyleMcGinnis-NYCSchoolsUITests";
				PRODUCT_NAME = "$(TARGET_NAME)";
				SWIFT_EMIT_LOC_STRINGS = NO;
				SWIFT_VERSION = 5.0;
				TARGETED_DEVICE_FAMILY = "1,2";
				TEST_TARGET_NAME = "20221211-KyleMcGinnis-NYCSchools";
			};
			name = Release;
		};
/* End XCBuildConfiguration section */

/* Begin XCConfigurationList section */
		A711ECDD29462A2700BBD1FC /* Build configuration list for PBXProject "20221211-KyleMcGinnis-NYCSchools" */ = {
			isa = XCConfigurationList;
			buildConfigurations = (
				A711ED0A29462A2800BBD1FC /* Debug */,
				A711ED0B29462A2800BBD1FC /* Release */,
			);
			defaultConfigurationIsVisible = 0;
			defaultConfigurationName = Release;
		};
		A711ED0C29462A2800BBD1FC /* Build configuration list for PBXNativeTarget "20221211-KyleMcGinnis-NYCSchools" */ = {
			isa = XCConfigurationList;
			buildConfigurations = (
				A711ED0D29462A2800BBD1FC /* Debug */,
				A711ED0E29462A2800BBD1FC /* Release */,
			);
			defaultConfigurationIsVisible = 0;
			defaultConfigurationName = Release;
		};
		A711ED0F29462A2800BBD1FC /* Build configuration list for PBXNativeTarget "20221211-KyleMcGinnis-NYCSchoolsTests" */ = {
			isa = XCConfigurationList;
			buildConfigurations = (
				A711ED1029462A2800BBD1FC /* Debug */,
				A711ED1129462A2800BBD1FC /* Release */,
			);
			defaultConfigurationIsVisible = 0;
			defaultConfigurationName = Release;
		};
		A711ED1229462A2800BBD1FC /* Build configuration list for PBXNativeTarget "20221211-KyleMcGinnis-NYCSchoolsUITests" */ = {
			isa = XCConfigurationList;
			buildConfigurations = (
				A711ED1329462A2800BBD1FC /* Debug */,
				A711ED1429462A2800BBD1FC /* Release */,
			);
			defaultConfigurationIsVisible = 0;
			defaultConfigurationName = Release;
		};
/* End XCConfigurationList section */
	};
	rootObject = A711ECDA29462A2700BBD1FC /* Project object */;
}
