// !$*UTF8*$!
{
	archiveVersion = 1;
	classes = {
	};
	objectVersion = 56;
	objects = {

/* Begin PBXBuildFile section */
		A711ECE629462A2700BBD1FC /* AppDelegate.swift in Sources */ = {isa = PBXBuildFile; fileRef = A711ECE529462A2700BBD1FC /* AppDelegate.swift */; };
		A711ECE829462A2700BBD1FC /* SceneDelegate.swift in Sources */ = {isa = PBXBuildFile; fileRef = A711ECE729462A2700BBD1FC /* SceneDelegate.swift */; };
		A711ECEF29462A2700BBD1FC /* Assets.xcassets in Resources */ = {isa = PBXBuildFile; fileRef = A711ECEE29462A2700BBD1FC /* Assets.xcassets */; };
		A711ECF229462A2700BBD1FC /* LaunchScreen.storyboard in Resources */ = {isa = PBXBuildFile; fileRef = A711ECF029462A2700BBD1FC /* LaunchScreen.storyboard */; };
		A711ECFD29462A2800BBD1FC /* _0221211_KyleMcGinnis_NYCSchoolsTests.swift in Sources */ = {isa = PBXBuildFile; fileRef = A711ECFC29462A2800BBD1FC /* _0221211_KyleMcGinnis_NYCSchoolsTests.swift */; };
		A711ED0729462A2800BBD1FC /* _0221211_KyleMcGinnis_NYCSchoolsUITests.swift in Sources */ = {isa = PBXBuildFile; fileRef = A711ED0629462A2800BBD1FC /* _0221211_KyleMcGinnis_NYCSchoolsUITests.swift */; };
		A711ED0929462A2800BBD1FC /* _0221211_KyleMcGinnis_NYCSchoolsUITestsLaunchTests.swift in Sources */ = {isa = PBXBuildFile; fileRef = A711ED0829462A2800BBD1FC /* _0221211_KyleMcGinnis_NYCSchoolsUITestsLaunchTests.swift */; };
		A711ED1A29462B9E00BBD1FC /* WebService.swift in Sources */ = {isa = PBXBuildFile; fileRef = A711ED1929462B9E00BBD1FC /* WebService.swift */; };
		A711ED2629462C1D00BBD1FC /* SchoolSearchView.swift in Sources */ = {isa = PBXBuildFile; fileRef = A711ED2529462C1D00BBD1FC /* SchoolSearchView.swift */; };
		A711ED2829462C2A00BBD1FC /* SchoolSearchViewModel.swift in Sources */ = {isa = PBXBuildFile; fileRef = A711ED2729462C2A00BBD1FC /* SchoolSearchViewModel.swift */; };
		A711ED2A29462C8E00BBD1FC /* SchoolSearchViewController.swift in Sources */ = {isa = PBXBuildFile; fileRef = A711ED2929462C8E00BBD1FC /* SchoolSearchViewController.swift */; };
		A711ED2E29462DE000BBD1FC /* UIViewController+Add.swift in Sources */ = {isa = PBXBuildFile; fileRef = A711ED2D29462DE000BBD1FC /* UIViewController+Add.swift */; };
		A711ED3129462E5000BBD1FC /* SchoolSearchService.swift in Sources */ = {isa = PBXBuildFile; fileRef = A711ED3029462E5000BBD1FC /* SchoolSearchService.swift */; };
		A711ED3529462EC700BBD1FC /* School.swift in Sources */ = {isa = PBXBuildFile; fileRef = A711ED3429462EC700BBD1FC /* School.swift */; };
		A711ED3829462F4C00BBD1FC /* Logging.swift in Sources */ = {isa = PBXBuildFile; fileRef = A711ED3729462F4C00BBD1FC /* Logging.swift */; };
		A711ED3B29462F6800BBD1FC /* AppConfig.swift in Sources */ = {isa = PBXBuildFile; fileRef = A711ED3A29462F6800BBD1FC /* AppConfig.swift */; };
		A711ED3D2946307600BBD1FC /* SchoolSearchWebService.swift in Sources */ = {isa = PBXBuildFile; fileRef = A711ED3C2946307600BBD1FC /* SchoolSearchWebService.swift */; };
		A711ED422946410600BBD1FC /* SchoolTileView.swift in Sources */ = {isa = PBXBuildFile; fileRef = A711ED412946410600BBD1FC /* SchoolTileView.swift */; };
		A711ED442946411000BBD1FC /* SchoolGridView.swift in Sources */ = {isa = PBXBuildFile; fileRef = A711ED432946411000BBD1FC /* SchoolGridView.swift */; };
		A711ED47294641EA00BBD1FC /* SchoolTileViewModel.swift in Sources */ = {isa = PBXBuildFile; fileRef = A711ED46294641EA00BBD1FC /* SchoolTileViewModel.swift */; };
		A711ED4E294643DC00BBD1FC /* TileModifier.swift in Sources */ = {isa = PBXBuildFile; fileRef = A711ED4D294643DC00BBD1FC /* TileModifier.swift */; };
		A711ED512946493800BBD1FC /* SchoolSearchConstants.swift in Sources */ = {isa = PBXBuildFile; fileRef = A711ED502946493800BBD1FC /* SchoolSearchConstants.swift */; };
		A7CEA6AC2946500F008272BC /* ColorConstants.swift in Sources */ = {isa = PBXBuildFile; fileRef = A7CEA6AB2946500F008272BC /* ColorConstants.swift */; };
		A7CEA6AE29465116008272BC /* SchoolDetailViewController.swift in Sources */ = {isa = PBXBuildFile; fileRef = A7CEA6AD29465116008272BC /* SchoolDetailViewController.swift */; };
		A7CEA6B02946511E008272BC /* SchoolDetailView.swift in Sources */ = {isa = PBXBuildFile; fileRef = A7CEA6AF2946511E008272BC /* SchoolDetailView.swift */; };
		A7CEA6B229465127008272BC /* SchoolDetailViewModel.swift in Sources */ = {isa = PBXBuildFile; fileRef = A7CEA6B129465127008272BC /* SchoolDetailViewModel.swift */; };
		A7CEA6B42946543A008272BC /* ImageConstants.swift in Sources */ = {isa = PBXBuildFile; fileRef = A7CEA6B32946543A008272BC /* ImageConstants.swift */; };
		A7CEA6B629465637008272BC /* SAT.swift in Sources */ = {isa = PBXBuildFile; fileRef = A7CEA6B529465637008272BC /* SAT.swift */; };
		A7CEA6B829465F46008272BC /* MapLocation.swift in Sources */ = {isa = PBXBuildFile; fileRef = A7CEA6B729465F46008272BC /* MapLocation.swift */; };
/* End PBXBuildFile section */

/* Begin PBXContainerItemProxy section */
		A711ECF929462A2800BBD1FC /* PBXContainerItemProxy */ = {
			isa = PBXContainerItemProxy;
			containerPortal = A711ECDA29462A2700BBD1FC /* Project object */;
			proxyType = 1;
			remoteGlobalIDString = A711ECE129462A2700BBD1FC;
			remoteInfo = "20221211-KyleMcGinnis-NYCSchools";
		};
		A711ED0329462A2800BBD1FC /* PBXContainerItemProxy */ = {
			isa = PBXContainerItemProxy;
			containerPortal = A711ECDA29462A2700BBD1FC /* Project object */;
			proxyType = 1;
			remoteGlobalIDString = A711ECE129462A2700BBD1FC;
			remoteInfo = "20221211-KyleMcGinnis-NYCSchools";
		};
/* End PBXContainerItemProxy section */

/* Begin PBXFileReference section */
		A711ECE229462A2700BBD1FC /* 20221211-KyleMcGinnis-NYCSchools.app */ = {isa = PBXFileReference; explicitFileType = wrapper.application; includeInIndex = 0; path = "20221211-KyleMcGinnis-NYCSchools.app"; sourceTree = BUILT_PRODUCTS_DIR; };
		A711ECE529462A2700BBD1FC /* AppDelegate.swift */ = {isa = PBXFileReference; lastKnownFileType = sourcecode.swift; path = AppDelegate.swift; sourceTree = "<group>"; };
		A711ECE729462A2700BBD1FC /* SceneDelegate.swift */ = {isa = PBXFileReference; lastKnownFileType = sourcecode.swift; path = SceneDelegate.swift; sourceTree = "<group>"; };
		A711ECEE29462A2700BBD1FC /* Assets.xcassets */ = {isa = PBXFileReference; lastKnownFileType = folder.assetcatalog; path = Assets.xcassets; sourceTree = "<group>"; };
		A711ECF129462A2700BBD1FC /* Base */ = {isa = PBXFileReference; lastKnownFileType = file.storyboard; name = Base; path = Base.lproj/LaunchScreen.storyboard; sourceTree = "<group>"; };
		A711ECF329462A2700BBD1FC /* Info.plist */ = {isa = PBXFileReference; lastKnownFileType = text.plist.xml; path = Info.plist; sourceTree = "<group>"; };
		A711ECF829462A2800BBD1FC /* 20221211-KyleMcGinnis-NYCSchoolsTests.xctest */ = {isa = PBXFileReference; explicitFileType = wrapper.cfbundle; includeInIndex = 0; path = "20221211-KyleMcGinnis-NYCSchoolsTests.xctest"; sourceTree = BUILT_PRODUCTS_DIR; };
		A711ECFC29462A2800BBD1FC /* _0221211_KyleMcGinnis_NYCSchoolsTests.swift */ = {isa = PBXFileReference; lastKnownFileType = sourcecode.swift; path = _0221211_KyleMcGinnis_NYCSchoolsTests.swift; sourceTree = "<group>"; };
		A711ED0229462A2800BBD1FC /* 20221211-KyleMcGinnis-NYCSchoolsUITests.xctest */ = {isa = PBXFileReference; explicitFileType = wrapper.cfbundle; includeInIndex = 0; path = "20221211-KyleMcGinnis-NYCSchoolsUITests.xctest"; sourceTree = BUILT_PRODUCTS_DIR; };
		A711ED0629462A2800BBD1FC /* _0221211_KyleMcGinnis_NYCSchoolsUITests.swift */ = {isa = PBXFileReference; lastKnownFileType = sourcecode.swift; path = _0221211_KyleMcGinnis_NYCSchoolsUITests.swift; sourceTree = "<group>"; };
		A711ED0829462A2800BBD1FC /* _0221211_KyleMcGinnis_NYCSchoolsUITestsLaunchTests.swift */ = {isa = PBXFileReference; lastKnownFileType = sourcecode.swift; path = _0221211_KyleMcGinnis_NYCSchoolsUITestsLaunchTests.swift; sourceTree = "<group>"; };
		A711ED1929462B9E00BBD1FC /* WebService.swift */ = {isa = PBXFileReference; lastKnownFileType = sourcecode.swift; path = WebService.swift; sourceTree = "<group>"; };
		A711ED2529462C1D00BBD1FC /* SchoolSearchView.swift */ = {isa = PBXFileReference; lastKnownFileType = sourcecode.swift; path = SchoolSearchView.swift; sourceTree = "<group>"; };
		A711ED2729462C2A00BBD1FC /* SchoolSearchViewModel.swift */ = {isa = PBXFileReference; lastKnownFileType = sourcecode.swift; path = SchoolSearchViewModel.swift; sourceTree = "<group>"; };
		A711ED2929462C8E00BBD1FC /* SchoolSearchViewController.swift */ = {isa = PBXFileReference; lastKnownFileType = sourcecode.swift; path = SchoolSearchViewController.swift; sourceTree = "<group>"; };
		A711ED2D29462DE000BBD1FC /* UIViewController+Add.swift */ = {isa = PBXFileReference; lastKnownFileType = sourcecode.swift; path = "UIViewController+Add.swift"; sourceTree = "<group>"; };
		A711ED3029462E5000BBD1FC /* SchoolSearchService.swift */ = {isa = PBXFileReference; lastKnownFileType = sourcecode.swift; path = SchoolSearchService.swift; sourceTree = "<group>"; };
		A711ED3429462EC700BBD1FC /* School.swift */ = {isa = PBXFileReference; lastKnownFileType = sourcecode.swift; path = School.swift; sourceTree = "<group>"; };
		A711ED3729462F4C00BBD1FC /* Logging.swift */ = {isa = PBXFileReference; lastKnownFileType = sourcecode.swift; path = Logging.swift; sourceTree = "<group>"; };
		A711ED3A29462F6800BBD1FC /* AppConfig.swift */ = {isa = PBXFileReference; lastKnownFileType = sourcecode.swift; path = AppConfig.swift; sourceTree = "<group>"; };
		A711ED3C2946307600BBD1FC /* SchoolSearchWebService.swift */ = {isa = PBXFileReference; lastKnownFileType = sourcecode.swift; path = SchoolSearchWebService.swift; sourceTree = "<group>"; };
		A711ED412946410600BBD1FC /* SchoolTileView.swift */ = {isa = PBXFileReference; lastKnownFileType = sourcecode.swift; path = SchoolTileView.swift; sourceTree = "<group>"; };
		A711ED432946411000BBD1FC /* SchoolGridView.swift */ = {isa = PBXFileReference; lastKnownFileType = sourcecode.swift; path = SchoolGridView.swift; sourceTree = "<group>"; };
		A711ED46294641EA00BBD1FC /* SchoolTileViewModel.swift */ = {isa = PBXFileReference; lastKnownFileType = sourcecode.swift; path = SchoolTileViewModel.swift; sourceTree = "<group>"; };
		A711ED4D294643DC00BBD1FC /* TileModifier.swift */ = {isa = PBXFileReference; lastKnownFileType = sourcecode.swift; path = TileModifier.swift; sourceTree = "<group>"; };
		A711ED502946493800BBD1FC /* SchoolSearchConstants.swift */ = {isa = PBXFileReference; lastKnownFileType = sourcecode.swift; path = SchoolSearchConstants.swift; sourceTree = "<group>"; };
		A7CEA6AB2946500F008272BC /* ColorConstants.swift */ = {isa = PBXFileReference; lastKnownFileType = sourcecode.swift; path = ColorConstants.swift; sourceTree = "<group>"; };
		A7CEA6AD29465116008272BC /* SchoolDetailViewController.swift */ = {isa = PBXFileReference; lastKnownFileType = sourcecode.swift; path = SchoolDetailViewController.swift; sourceTree = "<group>"; };
		A7CEA6AF2946511E008272BC /* SchoolDetailView.swift */ = {isa = PBXFileReference; lastKnownFileType = sourcecode.swift; path = SchoolDetailView.swift; sourceTree = "<group>"; };
		A7CEA6B129465127008272BC /* SchoolDetailViewModel.swift */ = {isa = PBXFileReference; lastKnownFileType = sourcecode.swift; path = SchoolDetailViewModel.swift; sourceTree = "<group>"; };
		A7CEA6B32946543A008272BC /* ImageConstants.swift */ = {isa = PBXFileReference; lastKnownFileType = sourcecode.swift; path = ImageConstants.swift; sourceTree = "<group>"; };
		A7CEA6B529465637008272BC /* SAT.swift */ = {isa = PBXFileReference; lastKnownFileType = sourcecode.swift; path = SAT.swift; sourceTree = "<group>"; };
		A7CEA6B729465F46008272BC /* MapLocation.swift */ = {isa = PBXFileReference; lastKnownFileType = sourcecode.swift; path = MapLocation.swift; sourceTree = "<group>"; };
/* End PBXFileReference section */

/* Begin PBXFrameworksBuildPhase section */
		A711ECDF29462A2700BBD1FC /* Frameworks */ = {
			isa = PBXFrameworksBuildPhase;
			buildActionMask = 2147483647;
			files = (
			);
			runOnlyForDeploymentPostprocessing = 0;
		};
		A711ECF529462A2800BBD1FC /* Frameworks */ = {
			isa = PBXFrameworksBuildPhase;
			buildActionMask = 2147483647;
			files = (
			);
			runOnlyForDeploymentPostprocessing = 0;
		};
		A711ECFF29462A2800BBD1FC /* Frameworks */ = {
			isa = PBXFrameworksBuildPhase;
			buildActionMask = 2147483647;
			files = (
			);
			runOnlyForDeploymentPostprocessing = 0;
		};
/* End PBXFrameworksBuildPhase section */

/* Begin PBXGroup section */
		A711ECD929462A2700BBD1FC = {
			isa = PBXGroup;
			children = (
				A711ECE429462A2700BBD1FC /* 20221211-KyleMcGinnis-NYCSchools */,
				A711ECFB29462A2800BBD1FC /* 20221211-KyleMcGinnis-NYCSchoolsTests */,
				A711ED0529462A2800BBD1FC /* 20221211-KyleMcGinnis-NYCSchoolsUITests */,
				A711ECE329462A2700BBD1FC /* Products */,
			);
			sourceTree = "<group>";
		};
		A711ECE329462A2700BBD1FC /* Products */ = {
			isa = PBXGroup;
			children = (
				A711ECE229462A2700BBD1FC /* 20221211-KyleMcGinnis-NYCSchools.app */,
				A711ECF829462A2800BBD1FC /* 20221211-KyleMcGinnis-NYCSchoolsTests.xctest */,
				A711ED0229462A2800BBD1FC /* 20221211-KyleMcGinnis-NYCSchoolsUITests.xctest */,
			);
			name = Products;
			sourceTree = "<group>";
		};
		A711ECE429462A2700BBD1FC /* 20221211-KyleMcGinnis-NYCSchools */ = {
			isa = PBXGroup;
			children = (
				A711ECE529462A2700BBD1FC /* AppDelegate.swift */,
				A711ECE729462A2700BBD1FC /* SceneDelegate.swift */,
				A711ED3929462F5F00BBD1FC /* Config */,
				A711ED1529462AF800BBD1FC /* In-App */,
				A711ED3329462EBB00BBD1FC /* Model */,
				A711ED1729462B0A00BBD1FC /* Networking */,
				A711ED1629462AFE00BBD1FC /* Util */,
				A711ECEE29462A2700BBD1FC /* Assets.xcassets */,
				A711ECF029462A2700BBD1FC /* LaunchScreen.storyboard */,
				A711ECF329462A2700BBD1FC /* Info.plist */,
			);
			path = "20221211-KyleMcGinnis-NYCSchools";
			sourceTree = "<group>";
		};
		A711ECFB29462A2800BBD1FC /* 20221211-KyleMcGinnis-NYCSchoolsTests */ = {
			isa = PBXGroup;
			children = (
				A711ECFC29462A2800BBD1FC /* _0221211_KyleMcGinnis_NYCSchoolsTests.swift */,
			);
			path = "20221211-KyleMcGinnis-NYCSchoolsTests";
			sourceTree = "<group>";
		};
		A711ED0529462A2800BBD1FC /* 20221211-KyleMcGinnis-NYCSchoolsUITests */ = {
			isa = PBXGroup;
			children = (
				A711ED0629462A2800BBD1FC /* _0221211_KyleMcGinnis_NYCSchoolsUITests.swift */,
				A711ED0829462A2800BBD1FC /* _0221211_KyleMcGinnis_NYCSchoolsUITestsLaunchTests.swift */,
			);
			path = "20221211-KyleMcGinnis-NYCSchoolsUITests";
			sourceTree = "<group>";
		};
		A711ED1529462AF800BBD1FC /* In-App */ = {
			isa = PBXGroup;
			children = (
				A711ED482946424E00BBD1FC /* SchoolTile */,
				A711ED1C29462BD700BBD1FC /* SchoolDetail */,
				A711ED1B29462BB100BBD1FC /* SchoolSearch */,
			);
			path = "In-App";
			sourceTree = "<group>";
		};
		A711ED1629462AFE00BBD1FC /* Util */ = {
			isa = PBXGroup;
			children = (
				A711ED4F2946492700BBD1FC /* Constants */,
				A711ED3629462F4500BBD1FC /* Logging */,
				A711ED2B29462DD000BBD1FC /* UI */,
			);
			path = Util;
			sourceTree = "<group>";
		};
		A711ED1729462B0A00BBD1FC /* Networking */ = {
			isa = PBXGroup;
			children = (
				A711ED1829462B8F00BBD1FC /* WebService */,
			);
			path = Networking;
			sourceTree = "<group>";
		};
		A711ED1829462B8F00BBD1FC /* WebService */ = {
			isa = PBXGroup;
			children = (
				A711ED1929462B9E00BBD1FC /* WebService.swift */,
			);
			path = WebService;
			sourceTree = "<group>";
		};
		A711ED1B29462BB100BBD1FC /* SchoolSearch */ = {
			isa = PBXGroup;
			children = (
				A711ED2F29462E4400BBD1FC /* API */,
				A711ED1F29462BEA00BBD1FC /* Controller */,
				A711ED1E29462BE600BBD1FC /* View */,
				A711ED1D29462BE000BBD1FC /* ViewModel */,
			);
			path = SchoolSearch;
			sourceTree = "<group>";
		};
		A711ED1C29462BD700BBD1FC /* SchoolDetail */ = {
			isa = PBXGroup;
			children = (
				A711ED2229462BFC00BBD1FC /* Controller */,
				A711ED2129462BF800BBD1FC /* View */,
				A711ED2029462BF400BBD1FC /* ViewModel */,
			);
			path = SchoolDetail;
			sourceTree = "<group>";
		};
		A711ED1D29462BE000BBD1FC /* ViewModel */ = {
			isa = PBXGroup;
			children = (
				A711ED2729462C2A00BBD1FC /* SchoolSearchViewModel.swift */,
			);
			path = ViewModel;
			sourceTree = "<group>";
		};
		A711ED1E29462BE600BBD1FC /* View */ = {
			isa = PBXGroup;
			children = (
				A711ED3E294640ED00BBD1FC /* Components */,
				A711ED2529462C1D00BBD1FC /* SchoolSearchView.swift */,
			);
			path = View;
			sourceTree = "<group>";
		};
		A711ED1F29462BEA00BBD1FC /* Controller */ = {
			isa = PBXGroup;
			children = (
				A711ED2929462C8E00BBD1FC /* SchoolSearchViewController.swift */,
			);
			path = Controller;
			sourceTree = "<group>";
		};
		A711ED2029462BF400BBD1FC /* ViewModel */ = {
			isa = PBXGroup;
			children = (
				A7CEA6B129465127008272BC /* SchoolDetailViewModel.swift */,
			);
			path = ViewModel;
			sourceTree = "<group>";
		};
		A711ED2129462BF800BBD1FC /* View */ = {
			isa = PBXGroup;
			children = (
				A7CEA6AF2946511E008272BC /* SchoolDetailView.swift */,
			);
			path = View;
			sourceTree = "<group>";
		};
		A711ED2229462BFC00BBD1FC /* Controller */ = {
			isa = PBXGroup;
			children = (
				A7CEA6AD29465116008272BC /* SchoolDetailViewController.swift */,
			);
			path = Controller;
			sourceTree = "<group>";
		};
		A711ED2B29462DD000BBD1FC /* UI */ = {
			isa = PBXGroup;
			children = (
				A711ED4B294643BD00BBD1FC /* View */,
				A711ED2C29462DD400BBD1FC /* Extensions */,
			);
			path = UI;
			sourceTree = "<group>";
		};
		A711ED2C29462DD400BBD1FC /* Extensions */ = {
			isa = PBXGroup;
			children = (
				A711ED2D29462DE000BBD1FC /* UIViewController+Add.swift */,
			);
			path = Extensions;
			sourceTree = "<group>";
		};
		A711ED2F29462E4400BBD1FC /* API */ = {
			isa = PBXGroup;
			children = (
				A711ED3229462E5400BBD1FC /* SchoolSearchWebService */,
				A711ED3029462E5000BBD1FC /* SchoolSearchService.swift */,
			);
			path = API;
			sourceTree = "<group>";
		};
		A711ED3229462E5400BBD1FC /* SchoolSearchWebService */ = {
			isa = PBXGroup;
			children = (
				A711ED3C2946307600BBD1FC /* SchoolSearchWebService.swift */,
			);
			path = SchoolSearchWebService;
			sourceTree = "<group>";
		};
		A711ED3329462EBB00BBD1FC /* Model */ = {
			isa = PBXGroup;
			children = (
				A711ED3429462EC700BBD1FC /* School.swift */,
				A7CEA6B529465637008272BC /* SAT.swift */,
				A7CEA6B729465F46008272BC /* MapLocation.swift */,
			);
			path = Model;
			sourceTree = "<group>";
		};
		A711ED3629462F4500BBD1FC /* Logging */ = {
			isa = PBXGroup;
			children = (
				A711ED3729462F4C00BBD1FC /* Logging.swift */,
			);
			path = Logging;
			sourceTree = "<group>";
		};
		A711ED3929462F5F00BBD1FC /* Config */ = {
			isa = PBXGroup;
			children = (
				A711ED3A29462F6800BBD1FC /* AppConfig.swift */,
			);
			path = Config;
			sourceTree = "<group>";
		};
		A711ED3E294640ED00BBD1FC /* Components */ = {
			isa = PBXGroup;
			children = (
				A711ED432946411000BBD1FC /* SchoolGridView.swift */,
			);
			path = Components;
			sourceTree = "<group>";
		};
		A711ED482946424E00BBD1FC /* SchoolTile */ = {
			isa = PBXGroup;
			children = (
				A711ED4A2946425A00BBD1FC /* View */,
				A711ED492946425500BBD1FC /* ViewModel */,
			);
			path = SchoolTile;
			sourceTree = "<group>";
		};
		A711ED492946425500BBD1FC /* ViewModel */ = {
			isa = PBXGroup;
			children = (
				A711ED46294641EA00BBD1FC /* SchoolTileViewModel.swift */,
			);
			path = ViewModel;
			sourceTree = "<group>";
		};
		A711ED4A2946425A00BBD1FC /* View */ = {
			isa = PBXGroup;
			children = (
				A711ED412946410600BBD1FC /* SchoolTileView.swift */,
			);
			path = View;
			sourceTree = "<group>";
		};
		A711ED4B294643BD00BBD1FC /* View */ = {
			isa = PBXGroup;
			children = (
				A711ED4C294643C100BBD1FC /* ViewModifier */,
			);
			path = View;
			sourceTree = "<group>";
		};
		A711ED4C294643C100BBD1FC /* ViewModifier */ = {
			isa = PBXGroup;
			children = (
				A711ED4D294643DC00BBD1FC /* TileModifier.swift */,
			);
			path = ViewModifier;
			sourceTree = "<group>";
		};
		A711ED4F2946492700BBD1FC /* Constants */ = {
			isa = PBXGroup;
			children = (
				A711ED502946493800BBD1FC /* SchoolSearchConstants.swift */,
				A7CEA6AB2946500F008272BC /* ColorConstants.swift */,
				A7CEA6B32946543A008272BC /* ImageConstants.swift */,
			);
			path = Constants;
			sourceTree = "<group>";
		};
/* End PBXGroup section */

/* Begin PBXNativeTarget section */
		A711ECE129462A2700BBD1FC /* 20221211-KyleMcGinnis-NYCSchools */ = {
			isa = PBXNativeTarget;
			buildConfigurationList = A711ED0C29462A2800BBD1FC /* Build configuration list for PBXNativeTarget "20221211-KyleMcGinnis-NYCSchools" */;
			buildPhases = (
				A711ECDE29462A2700BBD1FC /* Sources */,
				A711ECDF29462A2700BBD1FC /* Frameworks */,
				A711ECE029462A2700BBD1FC /* Resources */,
			);
			buildRules = (
			);
			dependencies = (
			);
			name = "20221211-KyleMcGinnis-NYCSchools";
			productName = "20221211-KyleMcGinnis-NYCSchools";
			productReference = A711ECE229462A2700BBD1FC /* 20221211-KyleMcGinnis-NYCSchools.app */;
			productType = "com.apple.product-type.application";
		};
		A711ECF729462A2800BBD1FC /* 20221211-KyleMcGinnis-NYCSchoolsTests */ = {
			isa = PBXNativeTarget;
			buildConfigurationList = A711ED0F29462A2800BBD1FC /* Build configuration list for PBXNativeTarget "20221211-KyleMcGinnis-NYCSchoolsTests" */;
			buildPhases = (
				A711ECF429462A2800BBD1FC /* Sources */,
				A711ECF529462A2800BBD1FC /* Frameworks */,
				A711ECF629462A2800BBD1FC /* Resources */,
			);
			buildRules = (
			);
			dependencies = (
				A711ECFA29462A2800BBD1FC /* PBXTargetDependency */,
			);
			name = "20221211-KyleMcGinnis-NYCSchoolsTests";
			productName = "20221211-KyleMcGinnis-NYCSchoolsTests";
			productReference = A711ECF829462A2800BBD1FC /* 20221211-KyleMcGinnis-NYCSchoolsTests.xctest */;
			productType = "com.apple.product-type.bundle.unit-test";
		};
		A711ED0129462A2800BBD1FC /* 20221211-KyleMcGinnis-NYCSchoolsUITests */ = {
			isa = PBXNativeTarget;
			buildConfigurationList = A711ED1229462A2800BBD1FC /* Build configuration list for PBXNativeTarget "20221211-KyleMcGinnis-NYCSchoolsUITests" */;
			buildPhases = (
				A711ECFE29462A2800BBD1FC /* Sources */,
				A711ECFF29462A2800BBD1FC /* Frameworks */,
				A711ED0029462A2800BBD1FC /* Resources */,
			);
			buildRules = (
			);
			dependencies = (
				A711ED0429462A2800BBD1FC /* PBXTargetDependency */,
			);
			name = "20221211-KyleMcGinnis-NYCSchoolsUITests";
			productName = "20221211-KyleMcGinnis-NYCSchoolsUITests";
			productReference = A711ED0229462A2800BBD1FC /* 20221211-KyleMcGinnis-NYCSchoolsUITests.xctest */;
			productType = "com.apple.product-type.bundle.ui-testing";
		};
/* End PBXNativeTarget section */

/* Begin PBXProject section */
		A711ECDA29462A2700BBD1FC /* Project object */ = {
			isa = PBXProject;
			attributes = {
				BuildIndependentTargetsInParallel = 1;
				LastSwiftUpdateCheck = 1410;
				LastUpgradeCheck = 1410;
				TargetAttributes = {
					A711ECE129462A2700BBD1FC = {
						CreatedOnToolsVersion = 14.1;
					};
					A711ECF729462A2800BBD1FC = {
						CreatedOnToolsVersion = 14.1;
						TestTargetID = A711ECE129462A2700BBD1FC;
					};
					A711ED0129462A2800BBD1FC = {
						CreatedOnToolsVersion = 14.1;
						TestTargetID = A711ECE129462A2700BBD1FC;
					};
				};
			};
			buildConfigurationList = A711ECDD29462A2700BBD1FC /* Build configuration list for PBXProject "20221211-KyleMcGinnis-NYCSchools" */;
			compatibilityVersion = "Xcode 14.0";
			developmentRegion = en;
			hasScannedForEncodings = 0;
			knownRegions = (
				en,
				Base,
			);
			mainGroup = A711ECD929462A2700BBD1FC;
			productRefGroup = A711ECE329462A2700BBD1FC /* Products */;
			projectDirPath = "";
			projectRoot = "";
			targets = (
				A711ECE129462A2700BBD1FC /* 20221211-KyleMcGinnis-NYCSchools */,
				A711ECF729462A2800BBD1FC /* 20221211-KyleMcGinnis-NYCSchoolsTests */,
				A711ED0129462A2800BBD1FC /* 20221211-KyleMcGinnis-NYCSchoolsUITests */,
			);
		};
/* End PBXProject section */

/* Begin PBXResourcesBuildPhase section */
		A711ECE029462A2700BBD1FC /* Resources */ = {
			isa = PBXResourcesBuildPhase;
			buildActionMask = 2147483647;
			files = (
				A711ECF229462A2700BBD1FC /* LaunchScreen.storyboard in Resources */,
				A711ECEF29462A2700BBD1FC /* Assets.xcassets in Resources */,
			);
			runOnlyForDeploymentPostprocessing = 0;
		};
		A711ECF629462A2800BBD1FC /* Resources */ = {
			isa = PBXResourcesBuildPhase;
			buildActionMask = 2147483647;
			files = (
			);
			runOnlyForDeploymentPostprocessing = 0;
		};
		A711ED0029462A2800BBD1FC /* Resources */ = {
			isa = PBXResourcesBuildPhase;
			buildActionMask = 2147483647;
			files = (
			);
			runOnlyForDeploymentPostprocessing = 0;
		};
/* End PBXResourcesBuildPhase section */

/* Begin PBXSourcesBuildPhase section */
		A711ECDE29462A2700BBD1FC /* Sources */ = {
			isa = PBXSourcesBuildPhase;
			buildActionMask = 2147483647;
			files = (
				A711ED2629462C1D00BBD1FC /* SchoolSearchView.swift in Sources */,
				A711ED422946410600BBD1FC /* SchoolTileView.swift in Sources */,
				A711ECE629462A2700BBD1FC /* AppDelegate.swift in Sources */,
				A711ED3D2946307600BBD1FC /* SchoolSearchWebService.swift in Sources */,
				A7CEA6B229465127008272BC /* SchoolDetailViewModel.swift in Sources */,
				A7CEA6AE29465116008272BC /* SchoolDetailViewController.swift in Sources */,
				A711ED3829462F4C00BBD1FC /* Logging.swift in Sources */,
				A711ED3529462EC700BBD1FC /* School.swift in Sources */,
				A711ED1A29462B9E00BBD1FC /* WebService.swift in Sources */,
				A711ED47294641EA00BBD1FC /* SchoolTileViewModel.swift in Sources */,
				A711ED3129462E5000BBD1FC /* SchoolSearchService.swift in Sources */,
				A711ED442946411000BBD1FC /* SchoolGridView.swift in Sources */,
				A711ED4E294643DC00BBD1FC /* TileModifier.swift in Sources */,
				A711ED2A29462C8E00BBD1FC /* SchoolSearchViewController.swift in Sources */,
				A711ED512946493800BBD1FC /* SchoolSearchConstants.swift in Sources */,
				A7CEA6B42946543A008272BC /* ImageConstants.swift in Sources */,
				A711ECE829462A2700BBD1FC /* SceneDelegate.swift in Sources */,
				A7CEA6B02946511E008272BC /* SchoolDetailView.swift in Sources */,
				A711ED3B29462F6800BBD1FC /* AppConfig.swift in Sources */,
				A7CEA6B829465F46008272BC /* MapLocation.swift in Sources */,
				A7CEA6AC2946500F008272BC /* ColorConstants.swift in Sources */,
				A7CEA6B629465637008272BC /* SAT.swift in Sources */,
				A711ED2E29462DE000BBD1FC /* UIViewController+Add.swift in Sources */,
				A711ED2829462C2A00BBD1FC /* SchoolSearchViewModel.swift in Sources */,
			);
			runOnlyForDeploymentPostprocessing = 0;
		};
		A711ECF429462A2800BBD1FC /* Sources */ = {
			isa = PBXSourcesBuildPhase;
			buildActionMask = 2147483647;
			files = (
				A711ECFD29462A2800BBD1FC /* _0221211_KyleMcGinnis_NYCSchoolsTests.swift in Sources */,
			);
			runOnlyForDeploymentPostprocessing = 0;
		};
		A711ECFE29462A2800BBD1FC /* Sources */ = {
			isa = PBXSourcesBuildPhase;
			buildActionMask = 2147483647;
			files = (
				A711ED0929462A2800BBD1FC /* _0221211_KyleMcGinnis_NYCSchoolsUITestsLaunchTests.swift in Sources */,
				A711ED0729462A2800BBD1FC /* _0221211_KyleMcGinnis_NYCSchoolsUITests.swift in Sources */,
			);
			runOnlyForDeploymentPostprocessing = 0;
		};
/* End PBXSourcesBuildPhase section */

/* Begin PBXTargetDependency section */
		A711ECFA29462A2800BBD1FC /* PBXTargetDependency */ = {
			isa = PBXTargetDependency;
			target = A711ECE129462A2700BBD1FC /* 20221211-KyleMcGinnis-NYCSchools */;
			targetProxy = A711ECF929462A2800BBD1FC /* PBXContainerItemProxy */;
		};
		A711ED0429462A2800BBD1FC /* PBXTargetDependency */ = {
			isa = PBXTargetDependency;
			target = A711ECE129462A2700BBD1FC /* 20221211-KyleMcGinnis-NYCSchools */;
			targetProxy = A711ED0329462A2800BBD1FC /* PBXContainerItemProxy */;
		};
/* End PBXTargetDependency section */

/* Begin PBXVariantGroup section */
		A711ECF029462A2700BBD1FC /* LaunchScreen.storyboard */ = {
			isa = PBXVariantGroup;
			children = (
				A711ECF129462A2700BBD1FC /* Base */,
			);
			name = LaunchScreen.storyboard;
			sourceTree = "<group>";
		};
/* End PBXVariantGroup section */

/* Begin XCBuildConfiguration section */
		A711ED0A29462A2800BBD1FC /* Debug */ = {
			isa = XCBuildConfiguration;
			buildSettings = {
				ALWAYS_SEARCH_USER_PATHS = NO;
				CLANG_ANALYZER_NONNULL = YES;
				CLANG_ANALYZER_NUMBER_OBJECT_CONVERSION = YES_AGGRESSIVE;
				CLANG_CXX_LANGUAGE_STANDARD = "gnu++20";
				CLANG_ENABLE_MODULES = YES;
				CLANG_ENABLE_OBJC_ARC = YES;
				CLANG_ENABLE_OBJC_WEAK = YES;
				CLANG_WARN_BLOCK_CAPTURE_AUTORELEASING = YES;
				CLANG_WARN_BOOL_CONVERSION = YES;
				CLANG_WARN_COMMA = YES;
				CLANG_WARN_CONSTANT_CONVERSION = YES;
				CLANG_WARN_DEPRECATED_OBJC_IMPLEMENTATIONS = YES;
				CLANG_WARN_DIRECT_OBJC_ISA_USAGE = YES_ERROR;
				CLANG_WARN_DOCUMENTATION_COMMENTS = YES;
				CLANG_WARN_EMPTY_BODY = YES;
				CLANG_WARN_ENUM_CONVERSION = YES;
				CLANG_WARN_INFINITE_RECURSION = YES;
				CLANG_WARN_INT_CONVERSION = YES;
				CLANG_WARN_NON_LITERAL_NULL_CONVERSION = YES;
				CLANG_WARN_OBJC_IMPLICIT_RETAIN_SELF = YES;
				CLANG_WARN_OBJC_LITERAL_CONVERSION = YES;
				CLANG_WARN_OBJC_ROOT_CLASS = YES_ERROR;
				CLANG_WARN_QUOTED_INCLUDE_IN_FRAMEWORK_HEADER = YES;
				CLANG_WARN_RANGE_LOOP_ANALYSIS = YES;
				CLANG_WARN_STRICT_PROTOTYPES = YES;
				CLANG_WARN_SUSPICIOUS_MOVE = YES;
				CLANG_WARN_UNGUARDED_AVAILABILITY = YES_AGGRESSIVE;
				CLANG_WARN_UNREACHABLE_CODE = YES;
				CLANG_WARN__DUPLICATE_METHOD_MATCH = YES;
				COPY_PHASE_STRIP = NO;
				DEBUG_INFORMATION_FORMAT = dwarf;
				ENABLE_STRICT_OBJC_MSGSEND = YES;
				ENABLE_TESTABILITY = YES;
				GCC_C_LANGUAGE_STANDARD = gnu11;
				GCC_DYNAMIC_NO_PIC = NO;
				GCC_NO_COMMON_BLOCKS = YES;
				GCC_OPTIMIZATION_LEVEL = 0;
				GCC_PREPROCESSOR_DEFINITIONS = (
					"DEBUG=1",
					"$(inherited)",
				);
				GCC_WARN_64_TO_32_BIT_CONVERSION = YES;
				GCC_WARN_ABOUT_RETURN_TYPE = YES_ERROR;
				GCC_WARN_UNDECLARED_SELECTOR = YES;
				GCC_WARN_UNINITIALIZED_AUTOS = YES_AGGRESSIVE;
				GCC_WARN_UNUSED_FUNCTION = YES;
				GCC_WARN_UNUSED_VARIABLE = YES;
				IPHONEOS_DEPLOYMENT_TARGET = 16.1;
				MTL_ENABLE_DEBUG_INFO = INCLUDE_SOURCE;
				MTL_FAST_MATH = YES;
				ONLY_ACTIVE_ARCH = YES;
				SDKROOT = iphoneos;
				SWIFT_ACTIVE_COMPILATION_CONDITIONS = DEBUG;
				SWIFT_OPTIMIZATION_LEVEL = "-Onone";
			};
			name = Debug;
		};
		A711ED0B29462A2800BBD1FC /* Release */ = {
			isa = XCBuildConfiguration;
			buildSettings = {
				ALWAYS_SEARCH_USER_PATHS = NO;
				CLANG_ANALYZER_NONNULL = YES;
				CLANG_ANALYZER_NUMBER_OBJECT_CONVERSION = YES_AGGRESSIVE;
				CLANG_CXX_LANGUAGE_STANDARD = "gnu++20";
				CLANG_ENABLE_MODULES = YES;
				CLANG_ENABLE_OBJC_ARC = YES;
				CLANG_ENABLE_OBJC_WEAK = YES;
				CLANG_WARN_BLOCK_CAPTURE_AUTORELEASING = YES;
				CLANG_WARN_BOOL_CONVERSION = YES;
				CLANG_WARN_COMMA = YES;
				CLANG_WARN_CONSTANT_CONVERSION = YES;
				CLANG_WARN_DEPRECATED_OBJC_IMPLEMENTATIONS = YES;
				CLANG_WARN_DIRECT_OBJC_ISA_USAGE = YES_ERROR;
				CLANG_WARN_DOCUMENTATION_COMMENTS = YES;
				CLANG_WARN_EMPTY_BODY = YES;
				CLANG_WARN_ENUM_CONVERSION = YES;
				CLANG_WARN_INFINITE_RECURSION = YES;
				CLANG_WARN_INT_CONVERSION = YES;
				CLANG_WARN_NON_LITERAL_NULL_CONVERSION = YES;
				CLANG_WARN_OBJC_IMPLICIT_RETAIN_SELF = YES;
				CLANG_WARN_OBJC_LITERAL_CONVERSION = YES;
				CLANG_WARN_OBJC_ROOT_CLASS = YES_ERROR;
				CLANG_WARN_QUOTED_INCLUDE_IN_FRAMEWORK_HEADER = YES;
				CLANG_WARN_RANGE_LOOP_ANALYSIS = YES;
				CLANG_WARN_STRICT_PROTOTYPES = YES;
				CLANG_WARN_SUSPICIOUS_MOVE = YES;
				CLANG_WARN_UNGUARDED_AVAILABILITY = YES_AGGRESSIVE;
				CLANG_WARN_UNREACHABLE_CODE = YES;
				CLANG_WARN__DUPLICATE_METHOD_MATCH = YES;
				COPY_PHASE_STRIP = NO;
				DEBUG_INFORMATION_FORMAT = "dwarf-with-dsym";
				ENABLE_NS_ASSERTIONS = NO;
				ENABLE_STRICT_OBJC_MSGSEND = YES;
				GCC_C_LANGUAGE_STANDARD = gnu11;
				GCC_NO_COMMON_BLOCKS = YES;
				GCC_WARN_64_TO_32_BIT_CONVERSION = YES;
				GCC_WARN_ABOUT_RETURN_TYPE = YES_ERROR;
				GCC_WARN_UNDECLARED_SELECTOR = YES;
				GCC_WARN_UNINITIALIZED_AUTOS = YES_AGGRESSIVE;
				GCC_WARN_UNUSED_FUNCTION = YES;
				GCC_WARN_UNUSED_VARIABLE = YES;
				IPHONEOS_DEPLOYMENT_TARGET = 16.1;
				MTL_ENABLE_DEBUG_INFO = NO;
				MTL_FAST_MATH = YES;
				SDKROOT = iphoneos;
				SWIFT_COMPILATION_MODE = wholemodule;
				SWIFT_OPTIMIZATION_LEVEL = "-O";
				VALIDATE_PRODUCT = YES;
			};
			name = Release;
		};
		A711ED0D29462A2800BBD1FC /* Debug */ = {
			isa = XCBuildConfiguration;
			buildSettings = {
				ASSETCATALOG_COMPILER_APPICON_NAME = AppIcon;
				ASSETCATALOG_COMPILER_GLOBAL_ACCENT_COLOR_NAME = AccentColor;
				CODE_SIGN_STYLE = Automatic;
				CURRENT_PROJECT_VERSION = 1;
				DEVELOPMENT_TEAM = K4X9356WT8;
				GENERATE_INFOPLIST_FILE = YES;
				INFOPLIST_FILE = "20221211-KyleMcGinnis-NYCSchools/Info.plist";
				INFOPLIST_KEY_UIApplicationSupportsIndirectInputEvents = YES;
				INFOPLIST_KEY_UILaunchStoryboardName = LaunchScreen;
				INFOPLIST_KEY_UISupportedInterfaceOrientations_iPad = "UIInterfaceOrientationPortrait UIInterfaceOrientationPortraitUpsideDown UIInterfaceOrientationLandscapeLeft UIInterfaceOrientationLandscapeRight";
				INFOPLIST_KEY_UISupportedInterfaceOrientations_iPhone = "UIInterfaceOrientationPortrait UIInterfaceOrientationLandscapeLeft UIInterfaceOrientationLandscapeRight";
				IPHONEOS_DEPLOYMENT_TARGET = 15.0;
				LD_RUNPATH_SEARCH_PATHS = (
					"$(inherited)",
					"@executable_path/Frameworks",
				);
				MARKETING_VERSION = 1.0;
				PRODUCT_BUNDLE_IDENTIFIER = "com.nycschools.-0221211-KyleMcGinnis-NYCSchools";
				PRODUCT_NAME = "$(TARGET_NAME)";
				SWIFT_EMIT_LOC_STRINGS = YES;
				SWIFT_VERSION = 5.0;
				TARGETED_DEVICE_FAMILY = "1,2";
			};
			name = Debug;
		};
		A711ED0E29462A2800BBD1FC /* Release */ = {
			isa = XCBuildConfiguration;
			buildSettings = {
				ASSETCATALOG_COMPILER_APPICON_NAME = AppIcon;
				ASSETCATALOG_COMPILER_GLOBAL_ACCENT_COLOR_NAME = AccentColor;
				CODE_SIGN_STYLE = Automatic;
				CURRENT_PROJECT_VERSION = 1;
				DEVELOPMENT_TEAM = K4X9356WT8;
				GENERATE_INFOPLIST_FILE = YES;
				INFOPLIST_FILE = "20221211-KyleMcGinnis-NYCSchools/Info.plist";
				INFOPLIST_KEY_UIApplicationSupportsIndirectInputEvents = YES;
				INFOPLIST_KEY_UILaunchStoryboardName = LaunchScreen;
				INFOPLIST_KEY_UISupportedInterfaceOrientations_iPad = "UIInterfaceOrientationPortrait UIInterfaceOrientationPortraitUpsideDown UIInterfaceOrientationLandscapeLeft UIInterfaceOrientationLandscapeRight";
				INFOPLIST_KEY_UISupportedInterfaceOrientations_iPhone = "UIInterfaceOrientationPortrait UIInterfaceOrientationLandscapeLeft UIInterfaceOrientationLandscapeRight";
				IPHONEOS_DEPLOYMENT_TARGET = 15.0;
				LD_RUNPATH_SEARCH_PATHS = (
					"$(inherited)",
					"@executable_path/Frameworks",
				);
				MARKETING_VERSION = 1.0;
				PRODUCT_BUNDLE_IDENTIFIER = "com.nycschools.-0221211-KyleMcGinnis-NYCSchools";
				PRODUCT_NAME = "$(TARGET_NAME)";
				SWIFT_EMIT_LOC_STRINGS = YES;
				SWIFT_VERSION = 5.0;
				TARGETED_DEVICE_FAMILY = "1,2";
			};
			name = Release;
		};
		A711ED1029462A2800BBD1FC /* Debug */ = {
			isa = XCBuildConfiguration;
			buildSettings = {
				ALWAYS_EMBED_SWIFT_STANDARD_LIBRARIES = YES;
				BUNDLE_LOADER = "$(TEST_HOST)";
				CODE_SIGN_STYLE = Automatic;
				CURRENT_PROJECT_VERSION = 1;
				DEVELOPMENT_TEAM = K4X9356WT8;
				GENERATE_INFOPLIST_FILE = YES;
				IPHONEOS_DEPLOYMENT_TARGET = 16.1;
				MARKETING_VERSION = 1.0;
				PRODUCT_BUNDLE_IDENTIFIER = "com.nycschools.-0221211-KyleMcGinnis-NYCSchoolsTests";
				PRODUCT_NAME = "$(TARGET_NAME)";
				SWIFT_EMIT_LOC_STRINGS = NO;
				SWIFT_VERSION = 5.0;
				TARGETED_DEVICE_FAMILY = "1,2";
				TEST_HOST = "$(BUILT_PRODUCTS_DIR)/20221211-KyleMcGinnis-NYCSchools.app/$(BUNDLE_EXECUTABLE_FOLDER_PATH)/20221211-KyleMcGinnis-NYCSchools";
			};
			name = Debug;
		};
		A711ED1129462A2800BBD1FC /* Release */ = {
			isa = XCBuildConfiguration;
			buildSettings = {
				ALWAYS_EMBED_SWIFT_STANDARD_LIBRARIES = YES;
				BUNDLE_LOADER = "$(TEST_HOST)";
				CODE_SIGN_STYLE = Automatic;
				CURRENT_PROJECT_VERSION = 1;
				DEVELOPMENT_TEAM = K4X9356WT8;
				GENERATE_INFOPLIST_FILE = YES;
				IPHONEOS_DEPLOYMENT_TARGET = 16.1;
				MARKETING_VERSION = 1.0;
				PRODUCT_BUNDLE_IDENTIFIER = "com.nycschools.-0221211-KyleMcGinnis-NYCSchoolsTests";
				PRODUCT_NAME = "$(TARGET_NAME)";
				SWIFT_EMIT_LOC_STRINGS = NO;
				SWIFT_VERSION = 5.0;
				TARGETED_DEVICE_FAMILY = "1,2";
				TEST_HOST = "$(BUILT_PRODUCTS_DIR)/20221211-KyleMcGinnis-NYCSchools.app/$(BUNDLE_EXECUTABLE_FOLDER_PATH)/20221211-KyleMcGinnis-NYCSchools";
			};
			name = Release;
		};
		A711ED1329462A2800BBD1FC /* Debug */ = {
			isa = XCBuildConfiguration;
			buildSettings = {
				ALWAYS_EMBED_SWIFT_STANDARD_LIBRARIES = YES;
				CODE_SIGN_STYLE = Automatic;
				CURRENT_PROJECT_VERSION = 1;
				DEVELOPMENT_TEAM = K4X9356WT8;
				GENERATE_INFOPLIST_FILE = YES;
				MARKETING_VERSION = 1.0;
				PRODUCT_BUNDLE_IDENTIFIER = "com.nycschools.-0221211-KyleMcGinnis-NYCSchoolsUITests";
				PRODUCT_NAME = "$(TARGET_NAME)";
				SWIFT_EMIT_LOC_STRINGS = NO;
				SWIFT_VERSION = 5.0;
				TARGETED_DEVICE_FAMILY = "1,2";
				TEST_TARGET_NAME = "20221211-KyleMcGinnis-NYCSchools";
			};
			name = Debug;
		};
		A711ED1429462A2800BBD1FC /* Release */ = {
			isa = XCBuildConfiguration;
			buildSettings = {
				ALWAYS_EMBED_SWIFT_STANDARD_LIBRARIES = YES;
				CODE_SIGN_STYLE = Automatic;
				CURRENT_PROJECT_VERSION = 1;
				DEVELOPMENT_TEAM = K4X9356WT8;
				GENERATE_INFOPLIST_FILE = YES;
				MARKETING_VERSION = 1.0;
				PRODUCT_BUNDLE_IDENTIFIER = "com.nycschools.-0221211-KyleMcGinnis-NYCSchoolsUITests";
				PRODUCT_NAME = "$(TARGET_NAME)";
				SWIFT_EMIT_LOC_STRINGS = NO;
				SWIFT_VERSION = 5.0;
				TARGETED_DEVICE_FAMILY = "1,2";
				TEST_TARGET_NAME = "20221211-KyleMcGinnis-NYCSchools";
			};
			name = Release;
		};
/* End XCBuildConfiguration section */

/* Begin XCConfigurationList section */
		A711ECDD29462A2700BBD1FC /* Build configuration list for PBXProject "20221211-KyleMcGinnis-NYCSchools" */ = {
			isa = XCConfigurationList;
			buildConfigurations = (
				A711ED0A29462A2800BBD1FC /* Debug */,
				A711ED0B29462A2800BBD1FC /* Release */,
			);
			defaultConfigurationIsVisible = 0;
			defaultConfigurationName = Release;
		};
		A711ED0C29462A2800BBD1FC /* Build configuration list for PBXNativeTarget "20221211-KyleMcGinnis-NYCSchools" */ = {
			isa = XCConfigurationList;
			buildConfigurations = (
				A711ED0D29462A2800BBD1FC /* Debug */,
				A711ED0E29462A2800BBD1FC /* Release */,
			);
			defaultConfigurationIsVisible = 0;
			defaultConfigurationName = Release;
		};
		A711ED0F29462A2800BBD1FC /* Build configuration list for PBXNativeTarget "20221211-KyleMcGinnis-NYCSchoolsTests" */ = {
			isa = XCConfigurationList;
			buildConfigurations = (
				A711ED1029462A2800BBD1FC /* Debug */,
				A711ED1129462A2800BBD1FC /* Release */,
			);
			defaultConfigurationIsVisible = 0;
			defaultConfigurationName = Release;
		};
		A711ED1229462A2800BBD1FC /* Build configuration list for PBXNativeTarget "20221211-KyleMcGinnis-NYCSchoolsUITests" */ = {
			isa = XCConfigurationList;
			buildConfigurations = (
				A711ED1329462A2800BBD1FC /* Debug */,
				A711ED1429462A2800BBD1FC /* Release */,
			);
			defaultConfigurationIsVisible = 0;
			defaultConfigurationName = Release;
		};
/* End XCConfigurationList section */
	};
	rootObject = A711ECDA29462A2700BBD1FC /* Project object */;
}
